// !$*UTF8*$!
{
	archiveVersion = 1;
	classes = {
	};
	objectVersion = 50;
	objects = {

/* Begin PBXBuildFile section */
		822198CE24A240B600E90F1E /* AppDelegate.swift in Sources */ = {isa = PBXBuildFile; fileRef = 822198CD24A240B600E90F1E /* AppDelegate.swift */; };
		822198D024A240B600E90F1E /* SceneDelegate.swift in Sources */ = {isa = PBXBuildFile; fileRef = 822198CF24A240B600E90F1E /* SceneDelegate.swift */; };
		822198D224A240B600E90F1E /* ViewController.swift in Sources */ = {isa = PBXBuildFile; fileRef = 822198D124A240B600E90F1E /* ViewController.swift */; };
		822198D524A240B600E90F1E /* Main.storyboard in Resources */ = {isa = PBXBuildFile; fileRef = 822198D324A240B600E90F1E /* Main.storyboard */; };
		822198D724A240B700E90F1E /* Assets.xcassets in Resources */ = {isa = PBXBuildFile; fileRef = 822198D624A240B700E90F1E /* Assets.xcassets */; };
		822198DA24A240B700E90F1E /* LaunchScreen.storyboard in Resources */ = {isa = PBXBuildFile; fileRef = 822198D824A240B700E90F1E /* LaunchScreen.storyboard */; };
		822198E724A27CC300E90F1E /* NetworkError.swift in Sources */ = {isa = PBXBuildFile; fileRef = 822198E624A27CC300E90F1E /* NetworkError.swift */; };
		822198E924A27DA800E90F1E /* Result.swift in Sources */ = {isa = PBXBuildFile; fileRef = 822198E824A27DA800E90F1E /* Result.swift */; };
		822198F824A29B0500E90F1E /* HTTPMethod.swift in Sources */ = {isa = PBXBuildFile; fileRef = 822198F724A29B0500E90F1E /* HTTPMethod.swift */; };
		822198FA24A2B03300E90F1E /* NetworkLogger.swift in Sources */ = {isa = PBXBuildFile; fileRef = 822198F924A2B03300E90F1E /* NetworkLogger.swift */; };
		82C9F98324AA393300967712 /* CCAppHeaders.swift in Sources */ = {isa = PBXBuildFile; fileRef = 82C9F98224AA393300967712 /* CCAppHeaders.swift */; };
		82C9F98524AA399700967712 /* RCNetworkHeaders.swift in Sources */ = {isa = PBXBuildFile; fileRef = 82C9F98424AA399700967712 /* RCNetworkHeaders.swift */; };
		82C9F98724AA39EC00967712 /* DeviceInventoryConsumer.swift in Sources */ = {isa = PBXBuildFile; fileRef = 82C9F98624AA39EC00967712 /* DeviceInventoryConsumer.swift */; };
		82C9F98924AA3A0C00967712 /* ConfigurationConsumer.swift in Sources */ = {isa = PBXBuildFile; fileRef = 82C9F98824AA3A0C00967712 /* ConfigurationConsumer.swift */; };
		82C9F98B24AA3A7B00967712 /* ServiceProvider.swift in Sources */ = {isa = PBXBuildFile; fileRef = 82C9F98A24AA3A7B00967712 /* ServiceProvider.swift */; };
		82C9F98D24AA3A9100967712 /* DataProvider.swift in Sources */ = {isa = PBXBuildFile; fileRef = 82C9F98C24AA3A9100967712 /* DataProvider.swift */; };
		82C9F98F24AA3AC100967712 /* RCRouterConfiguration.swift in Sources */ = {isa = PBXBuildFile; fileRef = 82C9F98E24AA3AC100967712 /* RCRouterConfiguration.swift */; };
		82C9F99124AA3AE700967712 /* ApplicationRouter.swift in Sources */ = {isa = PBXBuildFile; fileRef = 82C9F99024AA3AE700967712 /* ApplicationRouter.swift */; };
		82C9F99324AA3B2700967712 /* TechStatusRouter.swift in Sources */ = {isa = PBXBuildFile; fileRef = 82C9F99224AA3B2700967712 /* TechStatusRouter.swift */; };
/* End PBXBuildFile section */

/* Begin PBXFileReference section */
		822198CA24A240B600E90F1E /* RCNetworking.app */ = {isa = PBXFileReference; explicitFileType = wrapper.application; includeInIndex = 0; path = RCNetworking.app; sourceTree = BUILT_PRODUCTS_DIR; };
		822198CD24A240B600E90F1E /* AppDelegate.swift */ = {isa = PBXFileReference; lastKnownFileType = sourcecode.swift; path = AppDelegate.swift; sourceTree = "<group>"; };
		822198CF24A240B600E90F1E /* SceneDelegate.swift */ = {isa = PBXFileReference; lastKnownFileType = sourcecode.swift; path = SceneDelegate.swift; sourceTree = "<group>"; };
		822198D124A240B600E90F1E /* ViewController.swift */ = {isa = PBXFileReference; lastKnownFileType = sourcecode.swift; path = ViewController.swift; sourceTree = "<group>"; };
		822198D424A240B600E90F1E /* Base */ = {isa = PBXFileReference; lastKnownFileType = file.storyboard; name = Base; path = Base.lproj/Main.storyboard; sourceTree = "<group>"; };
		822198D624A240B700E90F1E /* Assets.xcassets */ = {isa = PBXFileReference; lastKnownFileType = folder.assetcatalog; path = Assets.xcassets; sourceTree = "<group>"; };
		822198D924A240B700E90F1E /* Base */ = {isa = PBXFileReference; lastKnownFileType = file.storyboard; name = Base; path = Base.lproj/LaunchScreen.storyboard; sourceTree = "<group>"; };
		822198DB24A240B700E90F1E /* Info.plist */ = {isa = PBXFileReference; lastKnownFileType = text.plist.xml; path = Info.plist; sourceTree = "<group>"; };
		822198E624A27CC300E90F1E /* NetworkError.swift */ = {isa = PBXFileReference; lastKnownFileType = sourcecode.swift; path = NetworkError.swift; sourceTree = "<group>"; };
		822198E824A27DA800E90F1E /* Result.swift */ = {isa = PBXFileReference; lastKnownFileType = sourcecode.swift; path = Result.swift; sourceTree = "<group>"; };
		822198F724A29B0500E90F1E /* HTTPMethod.swift */ = {isa = PBXFileReference; lastKnownFileType = sourcecode.swift; path = HTTPMethod.swift; sourceTree = "<group>"; };
		822198F924A2B03300E90F1E /* NetworkLogger.swift */ = {isa = PBXFileReference; lastKnownFileType = sourcecode.swift; path = NetworkLogger.swift; sourceTree = "<group>"; };
		82C9F98224AA393300967712 /* CCAppHeaders.swift */ = {isa = PBXFileReference; lastKnownFileType = sourcecode.swift; path = CCAppHeaders.swift; sourceTree = "<group>"; };
		82C9F98424AA399700967712 /* RCNetworkHeaders.swift */ = {isa = PBXFileReference; lastKnownFileType = sourcecode.swift; path = RCNetworkHeaders.swift; sourceTree = "<group>"; };
		82C9F98624AA39EC00967712 /* DeviceInventoryConsumer.swift */ = {isa = PBXFileReference; lastKnownFileType = sourcecode.swift; path = DeviceInventoryConsumer.swift; sourceTree = "<group>"; };
		82C9F98824AA3A0C00967712 /* ConfigurationConsumer.swift */ = {isa = PBXFileReference; lastKnownFileType = sourcecode.swift; path = ConfigurationConsumer.swift; sourceTree = "<group>"; };
		82C9F98A24AA3A7B00967712 /* ServiceProvider.swift */ = {isa = PBXFileReference; lastKnownFileType = sourcecode.swift; path = ServiceProvider.swift; sourceTree = "<group>"; };
		82C9F98C24AA3A9100967712 /* DataProvider.swift */ = {isa = PBXFileReference; lastKnownFileType = sourcecode.swift; path = DataProvider.swift; sourceTree = "<group>"; };
		82C9F98E24AA3AC100967712 /* RCRouterConfiguration.swift */ = {isa = PBXFileReference; lastKnownFileType = sourcecode.swift; path = RCRouterConfiguration.swift; sourceTree = "<group>"; };
		82C9F99024AA3AE700967712 /* ApplicationRouter.swift */ = {isa = PBXFileReference; lastKnownFileType = sourcecode.swift; path = ApplicationRouter.swift; sourceTree = "<group>"; };
		82C9F99224AA3B2700967712 /* TechStatusRouter.swift */ = {isa = PBXFileReference; lastKnownFileType = sourcecode.swift; path = TechStatusRouter.swift; sourceTree = "<group>"; };
/* End PBXFileReference section */

/* Begin PBXFrameworksBuildPhase section */
		822198C724A240B600E90F1E /* Frameworks */ = {
			isa = PBXFrameworksBuildPhase;
			buildActionMask = 2147483647;
			files = (
			);
			runOnlyForDeploymentPostprocessing = 0;
		};
/* End PBXFrameworksBuildPhase section */

/* Begin PBXGroup section */
		822198C124A240B600E90F1E = {
			isa = PBXGroup;
			children = (
				822198CC24A240B600E90F1E /* RCNetworking */,
				822198CB24A240B600E90F1E /* Products */,
			);
			sourceTree = "<group>";
		};
		822198CB24A240B600E90F1E /* Products */ = {
			isa = PBXGroup;
			children = (
				822198CA24A240B600E90F1E /* RCNetworking.app */,
			);
			name = Products;
			sourceTree = "<group>";
		};
		822198CC24A240B600E90F1E /* RCNetworking */ = {
			isa = PBXGroup;
			children = (
				82C9F98124AA382F00967712 /* Router */,
				82C9F98024AA382200967712 /* DataProvider */,
				82C9F97F24AA381800967712 /* ServiceProvider */,
				82C9F97E24AA380A00967712 /* NetworkHelper */,
				82C9F97D24AA37F500967712 /* Consumer */,
				822198E424A27C6F00E90F1E /* NetworkError */,
				822198E324A27C6A00E90F1E /* Response */,
				822198CD24A240B600E90F1E /* AppDelegate.swift */,
				822198CF24A240B600E90F1E /* SceneDelegate.swift */,
				822198D124A240B600E90F1E /* ViewController.swift */,
				822198D324A240B600E90F1E /* Main.storyboard */,
				822198D624A240B700E90F1E /* Assets.xcassets */,
				822198D824A240B700E90F1E /* LaunchScreen.storyboard */,
				822198DB24A240B700E90F1E /* Info.plist */,
			);
			path = RCNetworking;
			sourceTree = "<group>";
		};
		822198E324A27C6A00E90F1E /* Response */ = {
			isa = PBXGroup;
			children = (
				822198E824A27DA800E90F1E /* Result.swift */,
			);
			path = Response;
			sourceTree = "<group>";
		};
		822198E424A27C6F00E90F1E /* NetworkError */ = {
			isa = PBXGroup;
			children = (
				822198E624A27CC300E90F1E /* NetworkError.swift */,
			);
			path = NetworkError;
			sourceTree = "<group>";
		};
		82C9F97D24AA37F500967712 /* Consumer */ = {
			isa = PBXGroup;
			children = (
				82C9F98624AA39EC00967712 /* DeviceInventoryConsumer.swift */,
				82C9F98824AA3A0C00967712 /* ConfigurationConsumer.swift */,
			);
			path = Consumer;
			sourceTree = "<group>";
		};
		82C9F97E24AA380A00967712 /* NetworkHelper */ = {
			isa = PBXGroup;
			children = (
				822198F724A29B0500E90F1E /* HTTPMethod.swift */,
				822198F924A2B03300E90F1E /* NetworkLogger.swift */,
				82C9F98224AA393300967712 /* CCAppHeaders.swift */,
				82C9F98424AA399700967712 /* RCNetworkHeaders.swift */,
			);
			path = NetworkHelper;
			sourceTree = "<group>";
		};
		82C9F97F24AA381800967712 /* ServiceProvider */ = {
			isa = PBXGroup;
			children = (
				82C9F98A24AA3A7B00967712 /* ServiceProvider.swift */,
			);
			path = ServiceProvider;
			sourceTree = "<group>";
		};
		82C9F98024AA382200967712 /* DataProvider */ = {
			isa = PBXGroup;
			children = (
				82C9F98C24AA3A9100967712 /* DataProvider.swift */,
			);
			path = DataProvider;
			sourceTree = "<group>";
		};
		82C9F98124AA382F00967712 /* Router */ = {
			isa = PBXGroup;
			children = (
				82C9F98E24AA3AC100967712 /* RCRouterConfiguration.swift */,
				82C9F99024AA3AE700967712 /* ApplicationRouter.swift */,
				82C9F99224AA3B2700967712 /* TechStatusRouter.swift */,
			);
			path = Router;
			sourceTree = "<group>";
		};
/* End PBXGroup section */

/* Begin PBXNativeTarget section */
		822198C924A240B600E90F1E /* RCNetworking */ = {
			isa = PBXNativeTarget;
			buildConfigurationList = 822198DE24A240B700E90F1E /* Build configuration list for PBXNativeTarget "RCNetworking" */;
			buildPhases = (
				822198C624A240B600E90F1E /* Sources */,
				822198C724A240B600E90F1E /* Frameworks */,
				822198C824A240B600E90F1E /* Resources */,
			);
			buildRules = (
			);
			dependencies = (
			);
			name = RCNetworking;
			productName = RCNetworking;
			productReference = 822198CA24A240B600E90F1E /* RCNetworking.app */;
			productType = "com.apple.product-type.application";
		};
/* End PBXNativeTarget section */

/* Begin PBXProject section */
		822198C224A240B600E90F1E /* Project object */ = {
			isa = PBXProject;
			attributes = {
				LastSwiftUpdateCheck = 1150;
				LastUpgradeCheck = 1150;
				ORGANIZATIONNAME = com.home.rupesh;
				TargetAttributes = {
					822198C924A240B600E90F1E = {
						CreatedOnToolsVersion = 11.5;
					};
				};
			};
			buildConfigurationList = 822198C524A240B600E90F1E /* Build configuration list for PBXProject "RCNetworking" */;
			compatibilityVersion = "Xcode 9.3";
			developmentRegion = en;
			hasScannedForEncodings = 0;
			knownRegions = (
				en,
				Base,
			);
			mainGroup = 822198C124A240B600E90F1E;
			productRefGroup = 822198CB24A240B600E90F1E /* Products */;
			projectDirPath = "";
			projectRoot = "";
			targets = (
				822198C924A240B600E90F1E /* RCNetworking */,
			);
		};
/* End PBXProject section */

/* Begin PBXResourcesBuildPhase section */
		822198C824A240B600E90F1E /* Resources */ = {
			isa = PBXResourcesBuildPhase;
			buildActionMask = 2147483647;
			files = (
				822198DA24A240B700E90F1E /* LaunchScreen.storyboard in Resources */,
				822198D724A240B700E90F1E /* Assets.xcassets in Resources */,
				822198D524A240B600E90F1E /* Main.storyboard in Resources */,
			);
			runOnlyForDeploymentPostprocessing = 0;
		};
/* End PBXResourcesBuildPhase section */

/* Begin PBXSourcesBuildPhase section */
		822198C624A240B600E90F1E /* Sources */ = {
			isa = PBXSourcesBuildPhase;
			buildActionMask = 2147483647;
			files = (
				82C9F98924AA3A0C00967712 /* ConfigurationConsumer.swift in Sources */,
				82C9F99324AA3B2700967712 /* TechStatusRouter.swift in Sources */,
				82C9F98D24AA3A9100967712 /* DataProvider.swift in Sources */,
				822198D224A240B600E90F1E /* ViewController.swift in Sources */,
				82C9F98B24AA3A7B00967712 /* ServiceProvider.swift in Sources */,
				822198E924A27DA800E90F1E /* Result.swift in Sources */,
				82C9F98724AA39EC00967712 /* DeviceInventoryConsumer.swift in Sources */,
				822198FA24A2B03300E90F1E /* NetworkLogger.swift in Sources */,
				82C9F98F24AA3AC100967712 /* RCRouterConfiguration.swift in Sources */,
				822198E724A27CC300E90F1E /* NetworkError.swift in Sources */,
				82C9F99124AA3AE700967712 /* ApplicationRouter.swift in Sources */,
				822198CE24A240B600E90F1E /* AppDelegate.swift in Sources */,
				82C9F98324AA393300967712 /* CCAppHeaders.swift in Sources */,
				822198F824A29B0500E90F1E /* HTTPMethod.swift in Sources */,
				82C9F98524AA399700967712 /* RCNetworkHeaders.swift in Sources */,
				822198D024A240B600E90F1E /* SceneDelegate.swift in Sources */,
			);
			runOnlyForDeploymentPostprocessing = 0;
		};
/* End PBXSourcesBuildPhase section */

/* Begin PBXVariantGroup section */
		822198D324A240B600E90F1E /* Main.storyboard */ = {
			isa = PBXVariantGroup;
			children = (
				822198D424A240B600E90F1E /* Base */,
			);
			name = Main.storyboard;
			sourceTree = "<group>";
		};
		822198D824A240B700E90F1E /* LaunchScreen.storyboard */ = {
			isa = PBXVariantGroup;
			children = (
				822198D924A240B700E90F1E /* Base */,
			);
			name = LaunchScreen.storyboard;
			sourceTree = "<group>";
		};
/* End PBXVariantGroup section */

/* Begin XCBuildConfiguration section */
		822198DC24A240B700E90F1E /* Debug */ = {
			isa = XCBuildConfiguration;
			buildSettings = {
				ALWAYS_SEARCH_USER_PATHS = NO;
				CLANG_ANALYZER_NONNULL = YES;
				CLANG_ANALYZER_NUMBER_OBJECT_CONVERSION = YES_AGGRESSIVE;
				CLANG_CXX_LANGUAGE_STANDARD = "gnu++14";
				CLANG_CXX_LIBRARY = "libc++";
				CLANG_ENABLE_MODULES = YES;
				CLANG_ENABLE_OBJC_ARC = YES;
				CLANG_ENABLE_OBJC_WEAK = YES;
				CLANG_WARN_BLOCK_CAPTURE_AUTORELEASING = YES;
				CLANG_WARN_BOOL_CONVERSION = YES;
				CLANG_WARN_COMMA = YES;
				CLANG_WARN_CONSTANT_CONVERSION = YES;
				CLANG_WARN_DEPRECATED_OBJC_IMPLEMENTATIONS = YES;
				CLANG_WARN_DIRECT_OBJC_ISA_USAGE = YES_ERROR;
				CLANG_WARN_DOCUMENTATION_COMMENTS = YES;
				CLANG_WARN_EMPTY_BODY = YES;
				CLANG_WARN_ENUM_CONVERSION = YES;
				CLANG_WARN_INFINITE_RECURSION = YES;
				CLANG_WARN_INT_CONVERSION = YES;
				CLANG_WARN_NON_LITERAL_NULL_CONVERSION = YES;
				CLANG_WARN_OBJC_IMPLICIT_RETAIN_SELF = YES;
				CLANG_WARN_OBJC_LITERAL_CONVERSION = YES;
				CLANG_WARN_OBJC_ROOT_CLASS = YES_ERROR;
				CLANG_WARN_RANGE_LOOP_ANALYSIS = YES;
				CLANG_WARN_STRICT_PROTOTYPES = YES;
				CLANG_WARN_SUSPICIOUS_MOVE = YES;
				CLANG_WARN_UNGUARDED_AVAILABILITY = YES_AGGRESSIVE;
				CLANG_WARN_UNREACHABLE_CODE = YES;
				CLANG_WARN__DUPLICATE_METHOD_MATCH = YES;
				COPY_PHASE_STRIP = NO;
				DEBUG_INFORMATION_FORMAT = dwarf;
				ENABLE_STRICT_OBJC_MSGSEND = YES;
				ENABLE_TESTABILITY = YES;
				GCC_C_LANGUAGE_STANDARD = gnu11;
				GCC_DYNAMIC_NO_PIC = NO;
				GCC_NO_COMMON_BLOCKS = YES;
				GCC_OPTIMIZATION_LEVEL = 0;
				GCC_PREPROCESSOR_DEFINITIONS = (
					"DEBUG=1",
					"$(inherited)",
				);
				GCC_WARN_64_TO_32_BIT_CONVERSION = YES;
				GCC_WARN_ABOUT_RETURN_TYPE = YES_ERROR;
				GCC_WARN_UNDECLARED_SELECTOR = YES;
				GCC_WARN_UNINITIALIZED_AUTOS = YES_AGGRESSIVE;
				GCC_WARN_UNUSED_FUNCTION = YES;
				GCC_WARN_UNUSED_VARIABLE = YES;
				IPHONEOS_DEPLOYMENT_TARGET = 13.5;
				MTL_ENABLE_DEBUG_INFO = INCLUDE_SOURCE;
				MTL_FAST_MATH = YES;
				ONLY_ACTIVE_ARCH = YES;
				SDKROOT = iphoneos;
				SWIFT_ACTIVE_COMPILATION_CONDITIONS = DEBUG;
				SWIFT_OPTIMIZATION_LEVEL = "-Onone";
			};
			name = Debug;
		};
		822198DD24A240B700E90F1E /* Release */ = {
			isa = XCBuildConfiguration;
			buildSettings = {
				ALWAYS_SEARCH_USER_PATHS = NO;
				CLANG_ANALYZER_NONNULL = YES;
				CLANG_ANALYZER_NUMBER_OBJECT_CONVERSION = YES_AGGRESSIVE;
				CLANG_CXX_LANGUAGE_STANDARD = "gnu++14";
				CLANG_CXX_LIBRARY = "libc++";
				CLANG_ENABLE_MODULES = YES;
				CLANG_ENABLE_OBJC_ARC = YES;
				CLANG_ENABLE_OBJC_WEAK = YES;
				CLANG_WARN_BLOCK_CAPTURE_AUTORELEASING = YES;
				CLANG_WARN_BOOL_CONVERSION = YES;
				CLANG_WARN_COMMA = YES;
				CLANG_WARN_CONSTANT_CONVERSION = YES;
				CLANG_WARN_DEPRECATED_OBJC_IMPLEMENTATIONS = YES;
				CLANG_WARN_DIRECT_OBJC_ISA_USAGE = YES_ERROR;
				CLANG_WARN_DOCUMENTATION_COMMENTS = YES;
				CLANG_WARN_EMPTY_BODY = YES;
				CLANG_WARN_ENUM_CONVERSION = YES;
				CLANG_WARN_INFINITE_RECURSION = YES;
				CLANG_WARN_INT_CONVERSION = YES;
				CLANG_WARN_NON_LITERAL_NULL_CONVERSION = YES;
				CLANG_WARN_OBJC_IMPLICIT_RETAIN_SELF = YES;
				CLANG_WARN_OBJC_LITERAL_CONVERSION = YES;
				CLANG_WARN_OBJC_ROOT_CLASS = YES_ERROR;
				CLANG_WARN_RANGE_LOOP_ANALYSIS = YES;
				CLANG_WARN_STRICT_PROTOTYPES = YES;
				CLANG_WARN_SUSPICIOUS_MOVE = YES;
				CLANG_WARN_UNGUARDED_AVAILABILITY = YES_AGGRESSIVE;
				CLANG_WARN_UNREACHABLE_CODE = YES;
				CLANG_WARN__DUPLICATE_METHOD_MATCH = YES;
				COPY_PHASE_STRIP = NO;
				DEBUG_INFORMATION_FORMAT = "dwarf-with-dsym";
				ENABLE_NS_ASSERTIONS = NO;
				ENABLE_STRICT_OBJC_MSGSEND = YES;
				GCC_C_LANGUAGE_STANDARD = gnu11;
				GCC_NO_COMMON_BLOCKS = YES;
				GCC_WARN_64_TO_32_BIT_CONVERSION = YES;
				GCC_WARN_ABOUT_RETURN_TYPE = YES_ERROR;
				GCC_WARN_UNDECLARED_SELECTOR = YES;
				GCC_WARN_UNINITIALIZED_AUTOS = YES_AGGRESSIVE;
				GCC_WARN_UNUSED_FUNCTION = YES;
				GCC_WARN_UNUSED_VARIABLE = YES;
				IPHONEOS_DEPLOYMENT_TARGET = 13.5;
				MTL_ENABLE_DEBUG_INFO = NO;
				MTL_FAST_MATH = YES;
				SDKROOT = iphoneos;
				SWIFT_COMPILATION_MODE = wholemodule;
				SWIFT_OPTIMIZATION_LEVEL = "-O";
				VALIDATE_PRODUCT = YES;
			};
			name = Release;
		};
		822198DF24A240B700E90F1E /* Debug */ = {
			isa = XCBuildConfiguration;
			buildSettings = {
				ASSETCATALOG_COMPILER_APPICON_NAME = AppIcon;
				CODE_SIGN_STYLE = Automatic;
				DEVELOPMENT_TEAM = KH5SPZQULW;
				INFOPLIST_FILE = RCNetworking/Info.plist;
				IPHONEOS_DEPLOYMENT_TARGET = 13.0;
				LD_RUNPATH_SEARCH_PATHS = (
					"$(inherited)",
					"@executable_path/Frameworks",
				);
				PRODUCT_BUNDLE_IDENTIFIER = com.comcast.home.RCNetworking;
				PRODUCT_NAME = "$(TARGET_NAME)";
				SWIFT_VERSION = 5.0;
				TARGETED_DEVICE_FAMILY = "1,2";
			};
			name = Debug;
		};
		822198E024A240B700E90F1E /* Release */ = {
			isa = XCBuildConfiguration;
			buildSettings = {
				ASSETCATALOG_COMPILER_APPICON_NAME = AppIcon;
				CODE_SIGN_STYLE = Automatic;
				DEVELOPMENT_TEAM = KH5SPZQULW;
				INFOPLIST_FILE = RCNetworking/Info.plist;
				IPHONEOS_DEPLOYMENT_TARGET = 13.0;
				LD_RUNPATH_SEARCH_PATHS = (
					"$(inherited)",
					"@executable_path/Frameworks",
				);
				PRODUCT_BUNDLE_IDENTIFIER = com.comcast.home.RCNetworking;
				PRODUCT_NAME = "$(TARGET_NAME)";
				SWIFT_VERSION = 5.0;
				TARGETED_DEVICE_FAMILY = "1,2";
			};
			name = Release;
		};
/* End XCBuildConfiguration section */

/* Begin XCConfigurationList section */
		822198C524A240B600E90F1E /* Build configuration list for PBXProject "RCNetworking" */ = {
			isa = XCConfigurationList;
			buildConfigurations = (
				822198DC24A240B700E90F1E /* Debug */,
				822198DD24A240B700E90F1E /* Release */,
			);
			defaultConfigurationIsVisible = 0;
			defaultConfigurationName = Release;
		};
		822198DE24A240B700E90F1E /* Build configuration list for PBXNativeTarget "RCNetworking" */ = {
			isa = XCConfigurationList;
			buildConfigurations = (
				822198DF24A240B700E90F1E /* Debug */,
				822198E024A240B700E90F1E /* Release */,
			);
			defaultConfigurationIsVisible = 0;
			defaultConfigurationName = Release;
		};
/* End XCConfigurationList section */
	};
	rootObject = 822198C224A240B600E90F1E /* Project object */;
}
